
Microsoft Visual Studio Solution File, Format Version 12.00
# Visual Studio Version 17
VisualStudioVersion = 17.13.35931.197 d17.13
MinimumVisualStudioVersion = 10.0.40219.1
Project("{FAE04EC0-301F-11D3-BF4B-00C04F79EFBC}") = "MedianSortProgram", "MedianSortProgram\MedianSortProgram.csproj", "{47662678-5E9E-4116-91C0-01A5D0AAB695}"
EndProject
Global
	GlobalSection(SolutionConfigurationPlatforms) = preSolution
		Debug|Any CPU = Debug|Any CPU
		Release|Any CPU = Release|Any CPU
	EndGlobalSection
	GlobalSection(ProjectConfigurationPlatforms) = postSolution
		{47662678-5E9E-4116-91C0-01A5D0AAB695}.Debug|Any CPU.ActiveCfg = Debug|Any CPU
		{47662678-5E9E-4116-91C0-01A5D0AAB695}.Debug|Any CPU.Build.0 = Debug|Any CPU
		{47662678-5E9E-4116-91C0-01A5D0AAB695}.Release|Any CPU.ActiveCfg = Release|Any CPU
		{47662678-5E9E-4116-91C0-01A5D0AAB695}.Release|Any CPU.Build.0 = Release|Any CPU
	EndGlobalSection
	GlobalSection(SolutionProperties) = preSolution
		HideSolutionNode = FALSE
	EndGlobalSection
	GlobalSection(ExtensibilityGlobals) = postSolution
		SolutionGuid = {1B988FE9-9388-4D38-9BD9-564602E1FABD}
	EndGlobalSection
EndGlobal
